
Microsoft Visual Studio Solution File, Format Version 12.00
# Visual Studio Version 16
VisualStudioVersion = 16.0.30320.27
MinimumVisualStudioVersion = 10.0.40219.1
Project("{8BC9CEB8-8B4A-11D0-8D11-00A0C91BC942}") = "R03_G2_DxLibSanple", "R03_G2_DxLibSanple\R03_G2_DxLibSanple.vcxproj", "{D48B9A53-A607-40F9-97B9-DC92B177F4C9}"
EndProject
Global
	GlobalSection(SolutionConfigurationPlatforms) = preSolution
		Debug|x64 = Debug|x64
		Debug|x86 = Debug|x86
		Release|x64 = Release|x64
		Release|x86 = Release|x86
	EndGlobalSection
	GlobalSection(ProjectConfigurationPlatforms) = postSolution
		{D48B9A53-A607-40F9-97B9-DC92B177F4C9}.Debug|x64.ActiveCfg = Debug|x64
		{D48B9A53-A607-40F9-97B9-DC92B177F4C9}.Debug|x64.Build.0 = Debug|x64
		{D48B9A53-A607-40F9-97B9-DC92B177F4C9}.Debug|x86.ActiveCfg = Debug|Win32
		{D48B9A53-A607-40F9-97B9-DC92B177F4C9}.Debug|x86.Build.0 = Debug|Win32
		{D48B9A53-A607-40F9-97B9-DC92B177F4C9}.Release|x64.ActiveCfg = Release|x64
		{D48B9A53-A607-40F9-97B9-DC92B177F4C9}.Release|x64.Build.0 = Release|x64
		{D48B9A53-A607-40F9-97B9-DC92B177F4C9}.Release|x86.ActiveCfg = Release|Win32
		{D48B9A53-A607-40F9-97B9-DC92B177F4C9}.Release|x86.Build.0 = Release|Win32
	EndGlobalSection
	GlobalSection(SolutionProperties) = preSolution
		HideSolutionNode = FALSE
	EndGlobalSection
	GlobalSection(ExtensibilityGlobals) = postSolution
		SolutionGuid = {DC6BE3A3-86C0-425C-8937-20948A6E5DFD}
	EndGlobalSection
EndGlobal
